
Microsoft Visual Studio Solution File, Format Version 12.00
# Visual Studio 15
VisualStudioVersion = 15.0.28307.1231
MinimumVisualStudioVersion = 10.0.40219.1
Project("{FAE04EC0-301F-11D3-BF4B-00C04F79EFBC}") = "WpfApp1", "WpfApp1\WpfApp1.csproj", "{0191EE74-BCE4-4189-974B-DCA8B21AAA20}"
EndProject
Global
	GlobalSection(SolutionConfigurationPlatforms) = preSolution
		Debug|Any CPU = Debug|Any CPU
		Release|Any CPU = Release|Any CPU
	EndGlobalSection
	GlobalSection(ProjectConfigurationPlatforms) = postSolution
		{0191EE74-BCE4-4189-974B-DCA8B21AAA20}.Debug|Any CPU.ActiveCfg = Debug|Any CPU
		{0191EE74-BCE4-4189-974B-DCA8B21AAA20}.Debug|Any CPU.Build.0 = Debug|Any CPU
		{0191EE74-BCE4-4189-974B-DCA8B21AAA20}.Release|Any CPU.ActiveCfg = Release|Any CPU
		{0191EE74-BCE4-4189-974B-DCA8B21AAA20}.Release|Any CPU.Build.0 = Release|Any CPU
	EndGlobalSection
	GlobalSection(SolutionProperties) = preSolution
		HideSolutionNode = FALSE
	EndGlobalSection
	GlobalSection(ExtensibilityGlobals) = postSolution
		SolutionGuid = {E0E4CD9A-F880-4967-840D-AA8D82CC47F2}
	EndGlobalSection
EndGlobal
